
Microsoft Visual Studio Solution File, Format Version 12.00
# Visual Studio 15
VisualStudioVersion = 15.0.28010.2019
MinimumVisualStudioVersion = 10.0.40219.1
Project("{9A19103F-16F7-4668-BE54-9A1E7A4F7556}") = "RateService.Api", "RateService.Api\RateService.Api.csproj", "{3CA910EF-AE89-4AA8-9A1F-B646EC7A47E5}"
EndProject
Project("{9A19103F-16F7-4668-BE54-9A1E7A4F7556}") = "RateService.Web", "RateService.Web\RateService.Web.csproj", "{C2F95E67-929E-42FA-B023-CB8081961D9E}"
EndProject
Global
	GlobalSection(SolutionConfigurationPlatforms) = preSolution
		Debug|Any CPU = Debug|Any CPU
		Release|Any CPU = Release|Any CPU
	EndGlobalSection
	GlobalSection(ProjectConfigurationPlatforms) = postSolution
		{3CA910EF-AE89-4AA8-9A1F-B646EC7A47E5}.Debug|Any CPU.ActiveCfg = Debug|Any CPU
		{3CA910EF-AE89-4AA8-9A1F-B646EC7A47E5}.Debug|Any CPU.Build.0 = Debug|Any CPU
		{3CA910EF-AE89-4AA8-9A1F-B646EC7A47E5}.Release|Any CPU.ActiveCfg = Release|Any CPU
		{3CA910EF-AE89-4AA8-9A1F-B646EC7A47E5}.Release|Any CPU.Build.0 = Release|Any CPU
		{C2F95E67-929E-42FA-B023-CB8081961D9E}.Debug|Any CPU.ActiveCfg = Debug|Any CPU
		{C2F95E67-929E-42FA-B023-CB8081961D9E}.Debug|Any CPU.Build.0 = Debug|Any CPU
		{C2F95E67-929E-42FA-B023-CB8081961D9E}.Release|Any CPU.ActiveCfg = Release|Any CPU
		{C2F95E67-929E-42FA-B023-CB8081961D9E}.Release|Any CPU.Build.0 = Release|Any CPU
	EndGlobalSection
	GlobalSection(SolutionProperties) = preSolution
		HideSolutionNode = FALSE
	EndGlobalSection
	GlobalSection(ExtensibilityGlobals) = postSolution
		SolutionGuid = {08D02EE9-41AE-414B-975F-6066E1E3D611}
	EndGlobalSection
EndGlobal
